PODS:
  - CarpoolKit (0.0.1):
    - FirebaseCommunity/Auth
    - FirebaseCommunity/Database
    - PromiseKit
  - FirebaseCommunity/Auth (0.1.5):
    - FirebaseCommunity/Core
    - GoogleToolboxForMac/NSDictionary+URLArguments (~> 2.1)
    - GTMSessionFetcher/Core (~> 1.1)
  - FirebaseCommunity/Core (0.1.5):
    - FirebaseCommunity/Root
    - GoogleToolboxForMac/NSData+zlib (~> 2.1)
  - FirebaseCommunity/Database (0.1.5):
    - FirebaseCommunity/Core
    - leveldb-library
  - FirebaseCommunity/Root (0.1.5)
  - GoogleToolboxForMac/DebugUtils (2.1.3):
    - GoogleToolboxForMac/Defines (= 2.1.3)
  - GoogleToolboxForMac/Defines (2.1.3)
  - GoogleToolboxForMac/NSData+zlib (2.1.3):
    - GoogleToolboxForMac/Defines (= 2.1.3)
  - GoogleToolboxForMac/NSDictionary+URLArguments (2.1.3):
    - GoogleToolboxForMac/DebugUtils (= 2.1.3)
    - GoogleToolboxForMac/Defines (= 2.1.3)
    - GoogleToolboxForMac/NSString+URLArguments (= 2.1.3)
  - GoogleToolboxForMac/NSString+URLArguments (2.1.3)
  - GTMSessionFetcher/Core (1.1.12)
  - leveldb-library (1.20)
  - PromiseKit (4.5.0):
    - PromiseKit/Foundation (= 4.5.0)
    - PromiseKit/QuartzCore (= 4.5.0)
    - PromiseKit/UIKit (= 4.5.0)
  - PromiseKit/CorePromise (4.5.0)
  - PromiseKit/Foundation (4.5.0):
    - PromiseKit/CorePromise
  - PromiseKit/QuartzCore (4.5.0):
    - PromiseKit/CorePromise
  - PromiseKit/UIKit (4.5.0):
    - PromiseKit/CorePromise

DEPENDENCIES:
  - CarpoolKit (from `https://github.com/codebasesav/CarpoolKit.git`, branch `master`)

EXTERNAL SOURCES:
  CarpoolKit:
    :branch: master
    :git: https://github.com/codebasesav/CarpoolKit.git

CHECKOUT OPTIONS:
  CarpoolKit:
    :commit: 6379343867eb235b2b1bc39621bfcd4bcc6673a1
    :git: https://github.com/codebasesav/CarpoolKit.git

SPEC CHECKSUMS:
  CarpoolKit: d7da0599f5fa203173b880c67dff2aed4e36ece9
  FirebaseCommunity: 2e981f98bf7ad55b81a75bc43dc8aa45a7c1ab76
  GoogleToolboxForMac: 2501e2ad72a52eb3dfe7bd9aee7dad11b858bd20
  GTMSessionFetcher: ebaa1f79a5366922c1735f1566901f50beba23b7
  leveldb-library: 44ef425bfde64f5b41daef86b38db2d13edbbee1
  PromiseKit: 9c1d9f6d7b65e3951a90bea7f407c56972be5d8e

PODFILE CHECKSUM: c9cd53ee5476756ffbc6b77b6f1b964f732c1319

COCOAPODS: 1.3.1
