// !$*UTF8*$!
{
	archiveVersion = 1;
	classes = {
	};
	objectVersion = 48;
	objects = {

/* Begin PBXBuildFile section */
		0D0D6B781FB20DF200A22A88 /* HandLayout.swift in Sources */ = {isa = PBXBuildFile; fileRef = 0D0D6B771FB20DF200A22A88 /* HandLayout.swift */; };
		0D4F69621FB2179F00960CA4 /* CreateTripViewController.swift in Sources */ = {isa = PBXBuildFile; fileRef = 0D4F69611FB2179F00960CA4 /* CreateTripViewController.swift */; };
		0D4F69641FB2668F00960CA4 /* UserError.swift in Sources */ = {isa = PBXBuildFile; fileRef = 0D4F69631FB2668F00960CA4 /* UserError.swift */; };
		0D8AF8341FB0F47900D5ACA9 /* LaunchScreen.storyboard in Resources */ = {isa = PBXBuildFile; fileRef = 0D8AF8331FB0F47900D5ACA9 /* LaunchScreen.storyboard */; };
		0D8AF8391FB0F4A600D5ACA9 /* AppDelegate.swift in Sources */ = {isa = PBXBuildFile; fileRef = 0D8AF8371FB0F4A500D5ACA9 /* AppDelegate.swift */; };
		0D8AF83A1FB0F4A600D5ACA9 /* ScheduleViewController.swift in Sources */ = {isa = PBXBuildFile; fileRef = 0D8AF8381FB0F4A500D5ACA9 /* ScheduleViewController.swift */; };
		0D8AF83C1FB0F57A00D5ACA9 /* Assets.xcassets in Resources */ = {isa = PBXBuildFile; fileRef = 0D8AF83B1FB0F57A00D5ACA9 /* Assets.xcassets */; };
		0D8AF83E1FB0FE9600D5ACA9 /* etc.swift in Sources */ = {isa = PBXBuildFile; fileRef = 0D8AF83D1FB0FE9600D5ACA9 /* etc.swift */; };
		0D8AF8421FB10EEB00D5ACA9 /* GoogleService-Info.plist in Resources */ = {isa = PBXBuildFile; fileRef = 0D8AF8411FB10EEB00D5ACA9 /* GoogleService-Info.plist */; };
		0D8AF8441FB1137600D5ACA9 /* TripDetailViewController.swift in Sources */ = {isa = PBXBuildFile; fileRef = 0D8AF8431FB1137600D5ACA9 /* TripDetailViewController.swift */; };
		0D8FA0F31FB6482B00BBC34D /* LoginViewController.swift in Sources */ = {isa = PBXBuildFile; fileRef = 0D8FA0F21FB6482B00BBC34D /* LoginViewController.swift */; };
		0DE42CD71FB155B300F77FD8 /* ext.swift in Sources */ = {isa = PBXBuildFile; fileRef = 0DE42CD61FB155B300F77FD8 /* ext.swift */; };
		0DF8330B1FBA3D3800F64F52 /* AddFriendViewController.swift in Sources */ = {isa = PBXBuildFile; fileRef = 0DF8330A1FBA3D3800F64F52 /* AddFriendViewController.swift */; };
		12D4467C7E3F56476861EEA7 /* Pods_Carpool.framework in Frameworks */ = {isa = PBXBuildFile; fileRef = 54F9F3DCFF03C3873FC02AA6 /* Pods_Carpool.framework */; };
/* End PBXBuildFile section */

/* Begin PBXFileReference section */
		0D0D6B771FB20DF200A22A88 /* HandLayout.swift */ = {isa = PBXFileReference; fileEncoding = 4; lastKnownFileType = sourcecode.swift; name = HandLayout.swift; path = ../Sources/HandLayout.swift; sourceTree = "<group>"; };
		0D4F69611FB2179F00960CA4 /* CreateTripViewController.swift */ = {isa = PBXFileReference; lastKnownFileType = sourcecode.swift; name = CreateTripViewController.swift; path = ../Sources/CreateTripViewController.swift; sourceTree = "<group>"; };
		0D4F69631FB2668F00960CA4 /* UserError.swift */ = {isa = PBXFileReference; lastKnownFileType = sourcecode.swift; name = UserError.swift; path = ../Sources/UserError.swift; sourceTree = "<group>"; };
		0D8AF81A1FB0F12E00D5ACA9 /* Carpool.app */ = {isa = PBXFileReference; explicitFileType = wrapper.application; includeInIndex = 0; path = Carpool.app; sourceTree = BUILT_PRODUCTS_DIR; };
		0D8AF8311FB0F46800D5ACA9 /* Info.plist */ = {isa = PBXFileReference; fileEncoding = 4; lastKnownFileType = text.plist.xml; name = Info.plist; path = ../../Info.plist; sourceTree = "<group>"; };
		0D8AF8331FB0F47900D5ACA9 /* LaunchScreen.storyboard */ = {isa = PBXFileReference; fileEncoding = 4; lastKnownFileType = file.storyboard; name = LaunchScreen.storyboard; path = ../../IB/LaunchScreen.storyboard; sourceTree = "<group>"; };
		0D8AF8371FB0F4A500D5ACA9 /* AppDelegate.swift */ = {isa = PBXFileReference; fileEncoding = 4; lastKnownFileType = sourcecode.swift; name = AppDelegate.swift; path = ../Sources/AppDelegate.swift; sourceTree = "<group>"; wrapsLines = 0; };
		0D8AF8381FB0F4A500D5ACA9 /* ScheduleViewController.swift */ = {isa = PBXFileReference; fileEncoding = 4; lastKnownFileType = sourcecode.swift; name = ScheduleViewController.swift; path = ../Sources/ScheduleViewController.swift; sourceTree = "<group>"; };
		0D8AF83B1FB0F57A00D5ACA9 /* Assets.xcassets */ = {isa = PBXFileReference; lastKnownFileType = folder.assetcatalog; name = Assets.xcassets; path = ../Assets.xcassets; sourceTree = "<group>"; };
		0D8AF83D1FB0FE9600D5ACA9 /* etc.swift */ = {isa = PBXFileReference; lastKnownFileType = sourcecode.swift; name = etc.swift; path = ../Sources/etc.swift; sourceTree = "<group>"; };
		0D8AF8411FB10EEB00D5ACA9 /* GoogleService-Info.plist */ = {isa = PBXFileReference; fileEncoding = 4; lastKnownFileType = text.plist.xml; path = "GoogleService-Info.plist"; sourceTree = "<group>"; };
		0D8AF8431FB1137600D5ACA9 /* TripDetailViewController.swift */ = {isa = PBXFileReference; lastKnownFileType = sourcecode.swift; name = TripDetailViewController.swift; path = ../Sources/TripDetailViewController.swift; sourceTree = "<group>"; };
		0D8FA0F11FB5F95400BBC34D /* Savannah.gpx */ = {isa = PBXFileReference; lastKnownFileType = text.xml; path = Savannah.gpx; sourceTree = "<group>"; };
		0D8FA0F21FB6482B00BBC34D /* LoginViewController.swift */ = {isa = PBXFileReference; lastKnownFileType = sourcecode.swift; name = LoginViewController.swift; path = ../Sources/LoginViewController.swift; sourceTree = "<group>"; };
		0DE42CD61FB155B300F77FD8 /* ext.swift */ = {isa = PBXFileReference; lastKnownFileType = sourcecode.swift; name = ext.swift; path = ../Sources/ext.swift; sourceTree = "<group>"; };
		0DF8330A1FBA3D3800F64F52 /* AddFriendViewController.swift */ = {isa = PBXFileReference; lastKnownFileType = sourcecode.swift; name = AddFriendViewController.swift; path = ../Sources/AddFriendViewController.swift; sourceTree = "<group>"; };
		54F9F3DCFF03C3873FC02AA6 /* Pods_Carpool.framework */ = {isa = PBXFileReference; explicitFileType = wrapper.framework; includeInIndex = 0; path = Pods_Carpool.framework; sourceTree = BUILT_PRODUCTS_DIR; };
		62A98556D73EA3F69F485549 /* Pods-Carpool.debug.xcconfig */ = {isa = PBXFileReference; includeInIndex = 1; lastKnownFileType = text.xcconfig; name = "Pods-Carpool.debug.xcconfig"; path = "../Pods/Target Support Files/Pods-Carpool/Pods-Carpool.debug.xcconfig"; sourceTree = "<group>"; };
		B9A0180EF47BFC8A9EE1C256 /* Pods-Carpool.release.xcconfig */ = {isa = PBXFileReference; includeInIndex = 1; lastKnownFileType = text.xcconfig; name = "Pods-Carpool.release.xcconfig"; path = "../Pods/Target Support Files/Pods-Carpool/Pods-Carpool.release.xcconfig"; sourceTree = "<group>"; };
/* End PBXFileReference section */

/* Begin PBXFrameworksBuildPhase section */
		0D8AF8171FB0F12E00D5ACA9 /* Frameworks */ = {
			isa = PBXFrameworksBuildPhase;
			buildActionMask = 2147483647;
			files = (
				12D4467C7E3F56476861EEA7 /* Pods_Carpool.framework in Frameworks */,
			);
			runOnlyForDeploymentPostprocessing = 0;
		};
/* End PBXFrameworksBuildPhase section */

/* Begin PBXGroup section */
		092F307AA594AD51D0EDD7FA /* Pods */ = {
			isa = PBXGroup;
			children = (
				62A98556D73EA3F69F485549 /* Pods-Carpool.debug.xcconfig */,
				B9A0180EF47BFC8A9EE1C256 /* Pods-Carpool.release.xcconfig */,
			);
			name = Pods;
			sourceTree = "<group>";
		};
		0D0D6B791FB211E900A22A88 /* UI */ = {
			isa = PBXGroup;
			children = (
				0D8AF83D1FB0FE9600D5ACA9 /* etc.swift */,
				0D0D6B771FB20DF200A22A88 /* HandLayout.swift */,
			);
			name = UI;
			sourceTree = "<group>";
		};
		0D8AF8111FB0F12E00D5ACA9 = {
			isa = PBXGroup;
			children = (
				0D8AF8371FB0F4A500D5ACA9 /* AppDelegate.swift */,
				0D8AF8381FB0F4A500D5ACA9 /* ScheduleViewController.swift */,
				0D8AF8431FB1137600D5ACA9 /* TripDetailViewController.swift */,
				0D4F69611FB2179F00960CA4 /* CreateTripViewController.swift */,
				0DF8330A1FBA3D3800F64F52 /* AddFriendViewController.swift */,
				0D8FA0F21FB6482B00BBC34D /* LoginViewController.swift */,
				0DE42CD61FB155B300F77FD8 /* ext.swift */,
				0D4F69631FB2668F00960CA4 /* UserError.swift */,
				0D0D6B791FB211E900A22A88 /* UI */,
				0D8AF83B1FB0F57A00D5ACA9 /* Assets.xcassets */,
				0D8AF8301FB0F45C00D5ACA9 /* … */,
				0D8AF81B1FB0F12E00D5ACA9 /* Products */,
				092F307AA594AD51D0EDD7FA /* Pods */,
				E868C05A4387547674336FD5 /* Frameworks */,
			);
			sourceTree = "<group>";
		};
		0D8AF81B1FB0F12E00D5ACA9 /* Products */ = {
			isa = PBXGroup;
			children = (
				0D8AF81A1FB0F12E00D5ACA9 /* Carpool.app */,
			);
			name = Products;
			sourceTree = "<group>";
		};
		0D8AF8301FB0F45C00D5ACA9 /* … */ = {
			isa = PBXGroup;
			children = (
				0D8FA0F11FB5F95400BBC34D /* Savannah.gpx */,
				0D8AF8331FB0F47900D5ACA9 /* LaunchScreen.storyboard */,
				0D8AF8311FB0F46800D5ACA9 /* Info.plist */,
				0D8AF8411FB10EEB00D5ACA9 /* GoogleService-Info.plist */,
			);
			path = "…";
			sourceTree = "<group>";
		};
		E868C05A4387547674336FD5 /* Frameworks */ = {
			isa = PBXGroup;
			children = (
				54F9F3DCFF03C3873FC02AA6 /* Pods_Carpool.framework */,
			);
			name = Frameworks;
			sourceTree = "<group>";
		};
/* End PBXGroup section */

/* Begin PBXNativeTarget section */
		0D8AF8191FB0F12E00D5ACA9 /* Carpool */ = {
			isa = PBXNativeTarget;
			buildConfigurationList = 0D8AF82C1FB0F12E00D5ACA9 /* Build configuration list for PBXNativeTarget "Carpool" */;
			buildPhases = (
				A1564A65913F82057EA9F6ED /* [CP] Check Pods Manifest.lock */,
				0D8AF8161FB0F12E00D5ACA9 /* Sources */,
				0D8AF8171FB0F12E00D5ACA9 /* Frameworks */,
				0D8AF8181FB0F12E00D5ACA9 /* Resources */,
				60CAC0D78A62D4D3F8755C25 /* [CP] Embed Pods Frameworks */,
				8DF471192D3BBCE2C5011356 /* [CP] Copy Pods Resources */,
			);
			buildRules = (
			);
			dependencies = (
			);
			name = Carpool;
			productName = Carpool;
			productReference = 0D8AF81A1FB0F12E00D5ACA9 /* Carpool.app */;
			productType = "com.apple.product-type.application";
		};
/* End PBXNativeTarget section */

/* Begin PBXProject section */
		0D8AF8121FB0F12E00D5ACA9 /* Project object */ = {
			isa = PBXProject;
			attributes = {
				LastSwiftUpdateCheck = 0910;
				LastUpgradeCheck = 0910;
				ORGANIZATIONNAME = "Nathan Hosselton";
				TargetAttributes = {
					0D8AF8191FB0F12E00D5ACA9 = {
						CreatedOnToolsVersion = 9.1;
						LastSwiftMigration = 0910;
						ProvisioningStyle = Automatic;
					};
				};
			};
			buildConfigurationList = 0D8AF8151FB0F12E00D5ACA9 /* Build configuration list for PBXProject "Carpool" */;
			compatibilityVersion = "Xcode 8.0";
			developmentRegion = en;
			hasScannedForEncodings = 0;
			knownRegions = (
				en,
				Base,
			);
			mainGroup = 0D8AF8111FB0F12E00D5ACA9;
			productRefGroup = 0D8AF81B1FB0F12E00D5ACA9 /* Products */;
			projectDirPath = "";
			projectRoot = "";
			targets = (
				0D8AF8191FB0F12E00D5ACA9 /* Carpool */,
			);
		};
/* End PBXProject section */

/* Begin PBXResourcesBuildPhase section */
		0D8AF8181FB0F12E00D5ACA9 /* Resources */ = {
			isa = PBXResourcesBuildPhase;
			buildActionMask = 2147483647;
			files = (
				0D8AF8421FB10EEB00D5ACA9 /* GoogleService-Info.plist in Resources */,
				0D8AF83C1FB0F57A00D5ACA9 /* Assets.xcassets in Resources */,
				0D8AF8341FB0F47900D5ACA9 /* LaunchScreen.storyboard in Resources */,
			);
			runOnlyForDeploymentPostprocessing = 0;
		};
/* End PBXResourcesBuildPhase section */

/* Begin PBXShellScriptBuildPhase section */
		60CAC0D78A62D4D3F8755C25 /* [CP] Embed Pods Frameworks */ = {
			isa = PBXShellScriptBuildPhase;
			buildActionMask = 2147483647;
			files = (
			);
			inputPaths = (
				"${SRCROOT}/../Pods/Target Support Files/Pods-Carpool/Pods-Carpool-frameworks.sh",
				"${BUILT_PRODUCTS_DIR}/CarpoolKit/CarpoolKit.framework",
				"${BUILT_PRODUCTS_DIR}/FirebaseCommunity/FirebaseCommunity.framework",
				"${BUILT_PRODUCTS_DIR}/GTMSessionFetcher/GTMSessionFetcher.framework",
				"${BUILT_PRODUCTS_DIR}/GoogleToolboxForMac/GoogleToolboxForMac.framework",
				"${BUILT_PRODUCTS_DIR}/PromiseKit/PromiseKit.framework",
				"${BUILT_PRODUCTS_DIR}/leveldb-library/leveldb.framework",
			);
			name = "[CP] Embed Pods Frameworks";
			outputPaths = (
				"${TARGET_BUILD_DIR}/${FRAMEWORKS_FOLDER_PATH}/CarpoolKit.framework",
				"${TARGET_BUILD_DIR}/${FRAMEWORKS_FOLDER_PATH}/FirebaseCommunity.framework",
				"${TARGET_BUILD_DIR}/${FRAMEWORKS_FOLDER_PATH}/GTMSessionFetcher.framework",
				"${TARGET_BUILD_DIR}/${FRAMEWORKS_FOLDER_PATH}/GoogleToolboxForMac.framework",
				"${TARGET_BUILD_DIR}/${FRAMEWORKS_FOLDER_PATH}/PromiseKit.framework",
				"${TARGET_BUILD_DIR}/${FRAMEWORKS_FOLDER_PATH}/leveldb.framework",
			);
			runOnlyForDeploymentPostprocessing = 0;
			shellPath = /bin/sh;
			shellScript = "\"${SRCROOT}/../Pods/Target Support Files/Pods-Carpool/Pods-Carpool-frameworks.sh\"\n";
			showEnvVarsInLog = 0;
		};
		8DF471192D3BBCE2C5011356 /* [CP] Copy Pods Resources */ = {
			isa = PBXShellScriptBuildPhase;
			buildActionMask = 2147483647;
			files = (
			);
			inputPaths = (
			);
			name = "[CP] Copy Pods Resources";
			outputPaths = (
			);
			runOnlyForDeploymentPostprocessing = 0;
			shellPath = /bin/sh;
			shellScript = "\"${SRCROOT}/../Pods/Target Support Files/Pods-Carpool/Pods-Carpool-resources.sh\"\n";
			showEnvVarsInLog = 0;
		};
		A1564A65913F82057EA9F6ED /* [CP] Check Pods Manifest.lock */ = {
			isa = PBXShellScriptBuildPhase;
			buildActionMask = 2147483647;
			files = (
			);
			inputPaths = (
				"${PODS_PODFILE_DIR_PATH}/Podfile.lock",
				"${PODS_ROOT}/Manifest.lock",
			);
			name = "[CP] Check Pods Manifest.lock";
			outputPaths = (
				"$(DERIVED_FILE_DIR)/Pods-Carpool-checkManifestLockResult.txt",
			);
			runOnlyForDeploymentPostprocessing = 0;
			shellPath = /bin/sh;
			shellScript = "diff \"${PODS_PODFILE_DIR_PATH}/Podfile.lock\" \"${PODS_ROOT}/Manifest.lock\" > /dev/null\nif [ $? != 0 ] ; then\n    # print error to STDERR\n    echo \"error: The sandbox is not in sync with the Podfile.lock. Run 'pod install' or update your CocoaPods installation.\" >&2\n    exit 1\nfi\n# This output is used by Xcode 'outputs' to avoid re-running this script phase.\necho \"SUCCESS\" > \"${SCRIPT_OUTPUT_FILE_0}\"\n";
			showEnvVarsInLog = 0;
		};
/* End PBXShellScriptBuildPhase section */

/* Begin PBXSourcesBuildPhase section */
		0D8AF8161FB0F12E00D5ACA9 /* Sources */ = {
			isa = PBXSourcesBuildPhase;
			buildActionMask = 2147483647;
			files = (
				0D8FA0F31FB6482B00BBC34D /* LoginViewController.swift in Sources */,
				0D8AF83A1FB0F4A600D5ACA9 /* ScheduleViewController.swift in Sources */,
				0DF8330B1FBA3D3800F64F52 /* AddFriendViewController.swift in Sources */,
				0D4F69621FB2179F00960CA4 /* CreateTripViewController.swift in Sources */,
				0D8AF8391FB0F4A600D5ACA9 /* AppDelegate.swift in Sources */,
				0D4F69641FB2668F00960CA4 /* UserError.swift in Sources */,
				0D0D6B781FB20DF200A22A88 /* HandLayout.swift in Sources */,
				0DE42CD71FB155B300F77FD8 /* ext.swift in Sources */,
				0D8AF8441FB1137600D5ACA9 /* TripDetailViewController.swift in Sources */,
				0D8AF83E1FB0FE9600D5ACA9 /* etc.swift in Sources */,
			);
			runOnlyForDeploymentPostprocessing = 0;
		};
/* End PBXSourcesBuildPhase section */

/* Begin XCBuildConfiguration section */
		0D8AF82A1FB0F12E00D5ACA9 /* Debug */ = {
			isa = XCBuildConfiguration;
			buildSettings = {
				ALWAYS_SEARCH_USER_PATHS = NO;
				CLANG_ANALYZER_NONNULL = YES;
				CLANG_ANALYZER_NUMBER_OBJECT_CONVERSION = YES_AGGRESSIVE;
				CLANG_CXX_LANGUAGE_STANDARD = "gnu++14";
				CLANG_CXX_LIBRARY = "libc++";
				CLANG_ENABLE_MODULES = YES;
				CLANG_ENABLE_OBJC_ARC = YES;
				CLANG_WARN_BLOCK_CAPTURE_AUTORELEASING = YES;
				CLANG_WARN_BOOL_CONVERSION = YES;
				CLANG_WARN_COMMA = YES;
				CLANG_WARN_CONSTANT_CONVERSION = YES;
				CLANG_WARN_DIRECT_OBJC_ISA_USAGE = YES_ERROR;
				CLANG_WARN_DOCUMENTATION_COMMENTS = YES;
				CLANG_WARN_EMPTY_BODY = YES;
				CLANG_WARN_ENUM_CONVERSION = YES;
				CLANG_WARN_INFINITE_RECURSION = YES;
				CLANG_WARN_INT_CONVERSION = YES;
				CLANG_WARN_NON_LITERAL_NULL_CONVERSION = YES;
				CLANG_WARN_OBJC_LITERAL_CONVERSION = YES;
				CLANG_WARN_OBJC_ROOT_CLASS = YES_ERROR;
				CLANG_WARN_RANGE_LOOP_ANALYSIS = YES;
				CLANG_WARN_STRICT_PROTOTYPES = YES;
				CLANG_WARN_SUSPICIOUS_MOVE = YES;
				CLANG_WARN_UNGUARDED_AVAILABILITY = YES_AGGRESSIVE;
				CLANG_WARN_UNREACHABLE_CODE = YES;
				CLANG_WARN__DUPLICATE_METHOD_MATCH = YES;
				CODE_SIGN_IDENTITY = "iPhone Developer";
				COPY_PHASE_STRIP = NO;
				DEBUG_INFORMATION_FORMAT = dwarf;
				ENABLE_STRICT_OBJC_MSGSEND = YES;
				ENABLE_TESTABILITY = YES;
				GCC_C_LANGUAGE_STANDARD = gnu11;
				GCC_DYNAMIC_NO_PIC = NO;
				GCC_NO_COMMON_BLOCKS = YES;
				GCC_OPTIMIZATION_LEVEL = 0;
				GCC_PREPROCESSOR_DEFINITIONS = (
					"DEBUG=1",
					"$(inherited)",
				);
				GCC_WARN_64_TO_32_BIT_CONVERSION = YES;
				GCC_WARN_ABOUT_RETURN_TYPE = YES_ERROR;
				GCC_WARN_UNDECLARED_SELECTOR = YES;
				GCC_WARN_UNINITIALIZED_AUTOS = YES_AGGRESSIVE;
				GCC_WARN_UNUSED_FUNCTION = YES;
				GCC_WARN_UNUSED_VARIABLE = YES;
				IPHONEOS_DEPLOYMENT_TARGET = 11.1;
				MTL_ENABLE_DEBUG_INFO = YES;
				ONLY_ACTIVE_ARCH = YES;
				SDKROOT = iphoneos;
				SWIFT_ACTIVE_COMPILATION_CONDITIONS = DEBUG;
				SWIFT_OPTIMIZATION_LEVEL = "-Onone";
			};
			name = Debug;
		};
		0D8AF82B1FB0F12E00D5ACA9 /* Release */ = {
			isa = XCBuildConfiguration;
			buildSettings = {
				ALWAYS_SEARCH_USER_PATHS = NO;
				CLANG_ANALYZER_NONNULL = YES;
				CLANG_ANALYZER_NUMBER_OBJECT_CONVERSION = YES_AGGRESSIVE;
				CLANG_CXX_LANGUAGE_STANDARD = "gnu++14";
				CLANG_CXX_LIBRARY = "libc++";
				CLANG_ENABLE_MODULES = YES;
				CLANG_ENABLE_OBJC_ARC = YES;
				CLANG_WARN_BLOCK_CAPTURE_AUTORELEASING = YES;
				CLANG_WARN_BOOL_CONVERSION = YES;
				CLANG_WARN_COMMA = YES;
				CLANG_WARN_CONSTANT_CONVERSION = YES;
				CLANG_WARN_DIRECT_OBJC_ISA_USAGE = YES_ERROR;
				CLANG_WARN_DOCUMENTATION_COMMENTS = YES;
				CLANG_WARN_EMPTY_BODY = YES;
				CLANG_WARN_ENUM_CONVERSION = YES;
				CLANG_WARN_INFINITE_RECURSION = YES;
				CLANG_WARN_INT_CONVERSION = YES;
				CLANG_WARN_NON_LITERAL_NULL_CONVERSION = YES;
				CLANG_WARN_OBJC_LITERAL_CONVERSION = YES;
				CLANG_WARN_OBJC_ROOT_CLASS = YES_ERROR;
				CLANG_WARN_RANGE_LOOP_ANALYSIS = YES;
				CLANG_WARN_STRICT_PROTOTYPES = YES;
				CLANG_WARN_SUSPICIOUS_MOVE = YES;
				CLANG_WARN_UNGUARDED_AVAILABILITY = YES_AGGRESSIVE;
				CLANG_WARN_UNREACHABLE_CODE = YES;
				CLANG_WARN__DUPLICATE_METHOD_MATCH = YES;
				CODE_SIGN_IDENTITY = "iPhone Developer";
				COPY_PHASE_STRIP = NO;
				DEBUG_INFORMATION_FORMAT = "dwarf-with-dsym";
				ENABLE_NS_ASSERTIONS = NO;
				ENABLE_STRICT_OBJC_MSGSEND = YES;
				GCC_C_LANGUAGE_STANDARD = gnu11;
				GCC_NO_COMMON_BLOCKS = YES;
				GCC_WARN_64_TO_32_BIT_CONVERSION = YES;
				GCC_WARN_ABOUT_RETURN_TYPE = YES_ERROR;
				GCC_WARN_UNDECLARED_SELECTOR = YES;
				GCC_WARN_UNINITIALIZED_AUTOS = YES_AGGRESSIVE;
				GCC_WARN_UNUSED_FUNCTION = YES;
				GCC_WARN_UNUSED_VARIABLE = YES;
				IPHONEOS_DEPLOYMENT_TARGET = 11.1;
				MTL_ENABLE_DEBUG_INFO = NO;
				SDKROOT = iphoneos;
				SWIFT_OPTIMIZATION_LEVEL = "-Owholemodule";
				VALIDATE_PRODUCT = YES;
			};
			name = Release;
		};
		0D8AF82D1FB0F12E00D5ACA9 /* Debug */ = {
			isa = XCBuildConfiguration;
			baseConfigurationReference = 62A98556D73EA3F69F485549 /* Pods-Carpool.debug.xcconfig */;
			buildSettings = {
				ASSETCATALOG_COMPILER_APPICON_NAME = AppIcon;
				CLANG_ENABLE_MODULES = YES;
				CODE_SIGN_STYLE = Automatic;
				DEVELOPMENT_TEAM = GTZ6E2N5Z9;
				INFOPLIST_FILE = "$(SRCROOT)/../Info.plist";
				LD_RUNPATH_SEARCH_PATHS = "$(inherited) @executable_path/Frameworks";
				PRODUCT_BUNDLE_IDENTIFIER = io.github.nathanhosselton.Carpool;
				PRODUCT_NAME = "$(TARGET_NAME)";
				SWIFT_OPTIMIZATION_LEVEL = "-Onone";
				SWIFT_VERSION = 4.0;
				TARGETED_DEVICE_FAMILY = "1,2";
			};
			name = Debug;
		};
		0D8AF82E1FB0F12E00D5ACA9 /* Release */ = {
			isa = XCBuildConfiguration;
			baseConfigurationReference = B9A0180EF47BFC8A9EE1C256 /* Pods-Carpool.release.xcconfig */;
			buildSettings = {
				ASSETCATALOG_COMPILER_APPICON_NAME = AppIcon;
				CLANG_ENABLE_MODULES = YES;
				CODE_SIGN_STYLE = Automatic;
				DEVELOPMENT_TEAM = GTZ6E2N5Z9;
				INFOPLIST_FILE = "$(SRCROOT)/../Info.plist";
				LD_RUNPATH_SEARCH_PATHS = "$(inherited) @executable_path/Frameworks";
				PRODUCT_BUNDLE_IDENTIFIER = io.github.nathanhosselton.Carpool;
				PRODUCT_NAME = "$(TARGET_NAME)";
				SWIFT_VERSION = 4.0;
				TARGETED_DEVICE_FAMILY = "1,2";
			};
			name = Release;
		};
/* End XCBuildConfiguration section */

/* Begin XCConfigurationList section */
		0D8AF8151FB0F12E00D5ACA9 /* Build configuration list for PBXProject "Carpool" */ = {
			isa = XCConfigurationList;
			buildConfigurations = (
				0D8AF82A1FB0F12E00D5ACA9 /* Debug */,
				0D8AF82B1FB0F12E00D5ACA9 /* Release */,
			);
			defaultConfigurationIsVisible = 0;
			defaultConfigurationName = Release;
		};
		0D8AF82C1FB0F12E00D5ACA9 /* Build configuration list for PBXNativeTarget "Carpool" */ = {
			isa = XCConfigurationList;
			buildConfigurations = (
				0D8AF82D1FB0F12E00D5ACA9 /* Debug */,
				0D8AF82E1FB0F12E00D5ACA9 /* Release */,
			);
			defaultConfigurationIsVisible = 0;
			defaultConfigurationName = Release;
		};
/* End XCConfigurationList section */
	};
	rootObject = 0D8AF8121FB0F12E00D5ACA9 /* Project object */;
}
